
Microsoft Visual Studio Solution File, Format Version 12.00
# Visual Studio Version 17
VisualStudioVersion = 17.9.34902.65
MinimumVisualStudioVersion = 10.0.40219.1
Project("{FAE04EC0-301F-11D3-BF4B-00C04F79EFBC}") = "PropriedadeCsharp", "PropriedadeCsharp.csproj", "{8FBA93DD-09AA-4CD5-8BEF-58B27D3C1BD8}"
EndProject
Global
	GlobalSection(SolutionConfigurationPlatforms) = preSolution
		Debug|Any CPU = Debug|Any CPU
		Release|Any CPU = Release|Any CPU
	EndGlobalSection
	GlobalSection(ProjectConfigurationPlatforms) = postSolution
		{8FBA93DD-09AA-4CD5-8BEF-58B27D3C1BD8}.Debug|Any CPU.ActiveCfg = Debug|Any CPU
		{8FBA93DD-09AA-4CD5-8BEF-58B27D3C1BD8}.Debug|Any CPU.Build.0 = Debug|Any CPU
		{8FBA93DD-09AA-4CD5-8BEF-58B27D3C1BD8}.Release|Any CPU.ActiveCfg = Release|Any CPU
		{8FBA93DD-09AA-4CD5-8BEF-58B27D3C1BD8}.Release|Any CPU.Build.0 = Release|Any CPU
	EndGlobalSection
	GlobalSection(SolutionProperties) = preSolution
		HideSolutionNode = FALSE
	EndGlobalSection
	GlobalSection(ExtensibilityGlobals) = postSolution
		SolutionGuid = {77DAEBDF-5111-44B4-A921-08FE539A9B5F}
	EndGlobalSection
EndGlobal
